
Microsoft Visual Studio Solution File, Format Version 12.00
# Visual Studio Version 16
VisualStudioVersion = 16.0.30114.105
MinimumVisualStudioVersion = 10.0.40219.1
Project("{FAE04EC0-301F-11D3-BF4B-00C04F79EFBC}") = "JsonAdapter", "JsonAdapter\JsonAdapter.csproj", "{2A4C739A-3701-42A0-A61F-1E46C2EE08F1}"
EndProject
Project("{FAE04EC0-301F-11D3-BF4B-00C04F79EFBC}") = "GnuPlotAdapter", "GnuPlotAdapter\GnuPlotAdapter.csproj", "{4307394C-272E-4CC7-B174-88CFB02A7A62}"
EndProject
Global
	GlobalSection(SolutionConfigurationPlatforms) = preSolution
		Debug|Any CPU = Debug|Any CPU
		Release|Any CPU = Release|Any CPU
	EndGlobalSection
	GlobalSection(SolutionProperties) = preSolution
		HideSolutionNode = FALSE
	EndGlobalSection
	GlobalSection(ProjectConfigurationPlatforms) = postSolution
		{2A4C739A-3701-42A0-A61F-1E46C2EE08F1}.Debug|Any CPU.ActiveCfg = Debug|Any CPU
		{2A4C739A-3701-42A0-A61F-1E46C2EE08F1}.Debug|Any CPU.Build.0 = Debug|Any CPU
		{2A4C739A-3701-42A0-A61F-1E46C2EE08F1}.Release|Any CPU.ActiveCfg = Release|Any CPU
		{2A4C739A-3701-42A0-A61F-1E46C2EE08F1}.Release|Any CPU.Build.0 = Release|Any CPU
		{4307394C-272E-4CC7-B174-88CFB02A7A62}.Debug|Any CPU.ActiveCfg = Debug|Any CPU
		{4307394C-272E-4CC7-B174-88CFB02A7A62}.Debug|Any CPU.Build.0 = Debug|Any CPU
		{4307394C-272E-4CC7-B174-88CFB02A7A62}.Release|Any CPU.ActiveCfg = Release|Any CPU
		{4307394C-272E-4CC7-B174-88CFB02A7A62}.Release|Any CPU.Build.0 = Release|Any CPU
	EndGlobalSection
EndGlobal
